dependencies:
  bms_interface:
    dependencies: []
    source:
      path: /Users/adamrunner/Code/esp32-shared-components/bms_interface
      type: local
    version: 0.1.0
  espressif/esp_modem:
    component_hash: 71c9f54fc512c60d93ea9763377ceb1d5b575a4616f3f3344440b97e2a38da29
    dependencies:
    - name: idf
      require: private
      version: '>=4.1'
    source:
      registry_url: https://components.espressif.com/
      type: service
    version: 1.4.3
  espressif/led_strip:
    component_hash: 28621486f77229aaf81c71f5e15d6fbf36c2949cf11094e07090593e659e7639
    dependencies:
    - name: idf
      require: private
      version: '>=5.0'
    source:
      registry_url: https://components.espressif.com/
      type: service
    version: 3.0.3
  idf:
    source:
      type: idf
    version: 5.5.0
  jbd_bms:
    dependencies: []
    source:
      path: /Users/adamrunner/Code/esp32-shared-components/jbd_bms
      type: local
    version: 0.2.0
direct_dependencies:
- bms_interface
- espressif/esp_modem
- espressif/led_strip
- idf
- jbd_bms
manifest_hash: f9083171ce150d49608ace5afc1bbc8bec54df7b28275102b919cffdc4c9776c
target: esp32s3
version: 2.0.0
